
Microsoft Visual Studio Solution File, Format Version 12.00
# Visual Studio Version 17
VisualStudioVersion = 17.8.34408.163
MinimumVisualStudioVersion = 10.0.40219.1
Project("{FAE04EC0-301F-11D3-BF4B-00C04F79EFBC}") = "modul10_1302223127", "modul10_1302223127\modul10_1302223127.csproj", "{211739A5-A9D4-4F4F-925C-B6500C584166}"
EndProject
Global
	GlobalSection(SolutionConfigurationPlatforms) = preSolution
		Debug|Any CPU = Debug|Any CPU
		Release|Any CPU = Release|Any CPU
	EndGlobalSection
	GlobalSection(ProjectConfigurationPlatforms) = postSolution
		{211739A5-A9D4-4F4F-925C-B6500C584166}.Debug|Any CPU.ActiveCfg = Debug|Any CPU
		{211739A5-A9D4-4F4F-925C-B6500C584166}.Debug|Any CPU.Build.0 = Debug|Any CPU
		{211739A5-A9D4-4F4F-925C-B6500C584166}.Release|Any CPU.ActiveCfg = Release|Any CPU
		{211739A5-A9D4-4F4F-925C-B6500C584166}.Release|Any CPU.Build.0 = Release|Any CPU
	EndGlobalSection
	GlobalSection(SolutionProperties) = preSolution
		HideSolutionNode = FALSE
	EndGlobalSection
	GlobalSection(ExtensibilityGlobals) = postSolution
		SolutionGuid = {723593D1-D4C2-42E5-8734-FA64376D73F1}
	EndGlobalSection
EndGlobal
